// !$*UTF8*$!
{
	archiveVersion = 1;
	classes = {
	};
	objectVersion = 55;
	objects = {

/* Begin PBXBuildFile section */
		0903E10327F37D4D0037E841 /* CommentCellTableViewCell.swift in Sources */ = {isa = PBXBuildFile; fileRef = 0903E10227F37D4D0037E841 /* CommentCellTableViewCell.swift */; };
		091CCE3127F6378F00D92DD4 /* ProfileViewController.swift in Sources */ = {isa = PBXBuildFile; fileRef = 091CCE3027F6378F00D92DD4 /* ProfileViewController.swift */; };
		0968B22F27E3DF7E00D4ED1E /* LoginViewController.swift in Sources */ = {isa = PBXBuildFile; fileRef = 0968B22E27E3DF7E00D4ED1E /* LoginViewController.swift */; };
		0968B23127E646B600D4ED1E /* APIKeys.swift in Sources */ = {isa = PBXBuildFile; fileRef = 0968B23027E646B600D4ED1E /* APIKeys.swift */; };
		0968B23327EA1D6600D4ED1E /* FeedViewController.swift in Sources */ = {isa = PBXBuildFile; fileRef = 0968B23227EA1D6600D4ED1E /* FeedViewController.swift */; };
		0985DF8027EA679A00B43E5C /* CameraViewController.swift in Sources */ = {isa = PBXBuildFile; fileRef = 0985DF7F27EA679A00B43E5C /* CameraViewController.swift */; };
		0985DF8227ECE0E800B43E5C /* PostCellTableViewCell.swift in Sources */ = {isa = PBXBuildFile; fileRef = 0985DF8127ECE0E800B43E5C /* PostCellTableViewCell.swift */; };
		0985F3C727E3D9BA000E2770 /* AppDelegate.swift in Sources */ = {isa = PBXBuildFile; fileRef = 0985F3C627E3D9BA000E2770 /* AppDelegate.swift */; };
		0985F3C927E3D9BA000E2770 /* SceneDelegate.swift in Sources */ = {isa = PBXBuildFile; fileRef = 0985F3C827E3D9BA000E2770 /* SceneDelegate.swift */; };
		0985F3CE27E3D9BA000E2770 /* Main.storyboard in Resources */ = {isa = PBXBuildFile; fileRef = 0985F3CC27E3D9BA000E2770 /* Main.storyboard */; };
		0985F3D027E3D9BA000E2770 /* Assets.xcassets in Resources */ = {isa = PBXBuildFile; fileRef = 0985F3CF27E3D9BA000E2770 /* Assets.xcassets */; };
		0985F3D327E3D9BA000E2770 /* LaunchScreen.storyboard in Resources */ = {isa = PBXBuildFile; fileRef = 0985F3D127E3D9BA000E2770 /* LaunchScreen.storyboard */; };
		0985F3DE27E3D9BB000E2770 /* ParstagramTests.swift in Sources */ = {isa = PBXBuildFile; fileRef = 0985F3DD27E3D9BB000E2770 /* ParstagramTests.swift */; };
		0985F3E827E3D9BB000E2770 /* ParstagramUITests.swift in Sources */ = {isa = PBXBuildFile; fileRef = 0985F3E727E3D9BB000E2770 /* ParstagramUITests.swift */; };
		0985F3EA27E3D9BB000E2770 /* ParstagramUITestsLaunchTests.swift in Sources */ = {isa = PBXBuildFile; fileRef = 0985F3E927E3D9BB000E2770 /* ParstagramUITestsLaunchTests.swift */; };
		C2A91DF665D02AE5D7BBAF80 /* Pods_Parstagram.framework in Frameworks */ = {isa = PBXBuildFile; fileRef = 130812E0F67AAB7A9EAFAB72 /* Pods_Parstagram.framework */; };
/* End PBXBuildFile section */

/* Begin PBXContainerItemProxy section */
		0985F3DA27E3D9BB000E2770 /* PBXContainerItemProxy */ = {
			isa = PBXContainerItemProxy;
			containerPortal = 0985F3BB27E3D9BA000E2770 /* Project object */;
			proxyType = 1;
			remoteGlobalIDString = 0985F3C227E3D9BA000E2770;
			remoteInfo = Parstagram;
		};
		0985F3E427E3D9BB000E2770 /* PBXContainerItemProxy */ = {
			isa = PBXContainerItemProxy;
			containerPortal = 0985F3BB27E3D9BA000E2770 /* Project object */;
			proxyType = 1;
			remoteGlobalIDString = 0985F3C227E3D9BA000E2770;
			remoteInfo = Parstagram;
		};
/* End PBXContainerItemProxy section */

/* Begin PBXFileReference section */
		0903E10227F37D4D0037E841 /* CommentCellTableViewCell.swift */ = {isa = PBXFileReference; lastKnownFileType = sourcecode.swift; path = CommentCellTableViewCell.swift; sourceTree = "<group>"; };
		091CCE3027F6378F00D92DD4 /* ProfileViewController.swift */ = {isa = PBXFileReference; lastKnownFileType = sourcecode.swift; path = ProfileViewController.swift; sourceTree = "<group>"; };
		0968B22E27E3DF7E00D4ED1E /* LoginViewController.swift */ = {isa = PBXFileReference; lastKnownFileType = sourcecode.swift; path = LoginViewController.swift; sourceTree = "<group>"; };
		0968B23027E646B600D4ED1E /* APIKeys.swift */ = {isa = PBXFileReference; lastKnownFileType = sourcecode.swift; path = APIKeys.swift; sourceTree = "<group>"; };
		0968B23227EA1D6600D4ED1E /* FeedViewController.swift */ = {isa = PBXFileReference; lastKnownFileType = sourcecode.swift; path = FeedViewController.swift; sourceTree = "<group>"; };
		0985DF7F27EA679A00B43E5C /* CameraViewController.swift */ = {isa = PBXFileReference; lastKnownFileType = sourcecode.swift; path = CameraViewController.swift; sourceTree = "<group>"; };
		0985DF8127ECE0E800B43E5C /* PostCellTableViewCell.swift */ = {isa = PBXFileReference; lastKnownFileType = sourcecode.swift; path = PostCellTableViewCell.swift; sourceTree = "<group>"; };
		0985F3C327E3D9BA000E2770 /* Parstagram.app */ = {isa = PBXFileReference; explicitFileType = wrapper.application; includeInIndex = 0; path = Parstagram.app; sourceTree = BUILT_PRODUCTS_DIR; };
		0985F3C627E3D9BA000E2770 /* AppDelegate.swift */ = {isa = PBXFileReference; lastKnownFileType = sourcecode.swift; path = AppDelegate.swift; sourceTree = "<group>"; };
		0985F3C827E3D9BA000E2770 /* SceneDelegate.swift */ = {isa = PBXFileReference; lastKnownFileType = sourcecode.swift; path = SceneDelegate.swift; sourceTree = "<group>"; };
		0985F3CD27E3D9BA000E2770 /* Base */ = {isa = PBXFileReference; lastKnownFileType = file.storyboard; name = Base; path = Base.lproj/Main.storyboard; sourceTree = "<group>"; };
		0985F3CF27E3D9BA000E2770 /* Assets.xcassets */ = {isa = PBXFileReference; lastKnownFileType = folder.assetcatalog; path = Assets.xcassets; sourceTree = "<group>"; };
		0985F3D227E3D9BA000E2770 /* Base */ = {isa = PBXFileReference; lastKnownFileType = file.storyboard; name = Base; path = Base.lproj/LaunchScreen.storyboard; sourceTree = "<group>"; };
		0985F3D427E3D9BA000E2770 /* Info.plist */ = {isa = PBXFileReference; lastKnownFileType = text.plist.xml; path = Info.plist; sourceTree = "<group>"; };
		0985F3D927E3D9BB000E2770 /* ParstagramTests.xctest */ = {isa = PBXFileReference; explicitFileType = wrapper.cfbundle; includeInIndex = 0; path = ParstagramTests.xctest; sourceTree = BUILT_PRODUCTS_DIR; };
		0985F3DD27E3D9BB000E2770 /* ParstagramTests.swift */ = {isa = PBXFileReference; lastKnownFileType = sourcecode.swift; path = ParstagramTests.swift; sourceTree = "<group>"; };
		0985F3E327E3D9BB000E2770 /* ParstagramUITests.xctest */ = {isa = PBXFileReference; explicitFileType = wrapper.cfbundle; includeInIndex = 0; path = ParstagramUITests.xctest; sourceTree = BUILT_PRODUCTS_DIR; };
		0985F3E727E3D9BB000E2770 /* ParstagramUITests.swift */ = {isa = PBXFileReference; lastKnownFileType = sourcecode.swift; path = ParstagramUITests.swift; sourceTree = "<group>"; };
		0985F3E927E3D9BB000E2770 /* ParstagramUITestsLaunchTests.swift */ = {isa = PBXFileReference; lastKnownFileType = sourcecode.swift; path = ParstagramUITestsLaunchTests.swift; sourceTree = "<group>"; };
		130812E0F67AAB7A9EAFAB72 /* Pods_Parstagram.framework */ = {isa = PBXFileReference; explicitFileType = wrapper.framework; includeInIndex = 0; path = Pods_Parstagram.framework; sourceTree = BUILT_PRODUCTS_DIR; };
		78D4009A610A404B0D4A6B1B /* Pods-Parstagram.debug.xcconfig */ = {isa = PBXFileReference; includeInIndex = 1; lastKnownFileType = text.xcconfig; name = "Pods-Parstagram.debug.xcconfig"; path = "Target Support Files/Pods-Parstagram/Pods-Parstagram.debug.xcconfig"; sourceTree = "<group>"; };
		DFD933A2B0C4FD6AC74CC71A /* Pods-Parstagram.release.xcconfig */ = {isa = PBXFileReference; includeInIndex = 1; lastKnownFileType = text.xcconfig; name = "Pods-Parstagram.release.xcconfig"; path = "Target Support Files/Pods-Parstagram/Pods-Parstagram.release.xcconfig"; sourceTree = "<group>"; };
/* End PBXFileReference section */

/* Begin PBXFrameworksBuildPhase section */
		0985F3C027E3D9BA000E2770 /* Frameworks */ = {
			isa = PBXFrameworksBuildPhase;
			buildActionMask = 2147483647;
			files = (
				C2A91DF665D02AE5D7BBAF80 /* Pods_Parstagram.framework in Frameworks */,
			);
			runOnlyForDeploymentPostprocessing = 0;
		};
		0985F3D627E3D9BB000E2770 /* Frameworks */ = {
			isa = PBXFrameworksBuildPhase;
			buildActionMask = 2147483647;
			files = (
			);
			runOnlyForDeploymentPostprocessing = 0;
		};
		0985F3E027E3D9BB000E2770 /* Frameworks */ = {
			isa = PBXFrameworksBuildPhase;
			buildActionMask = 2147483647;
			files = (
			);
			runOnlyForDeploymentPostprocessing = 0;
		};
/* End PBXFrameworksBuildPhase section */

/* Begin PBXGroup section */
		0985F3BA27E3D9BA000E2770 = {
			isa = PBXGroup;
			children = (
				0985F3C527E3D9BA000E2770 /* Parstagram */,
				0985F3DC27E3D9BB000E2770 /* ParstagramTests */,
				0985F3E627E3D9BB000E2770 /* ParstagramUITests */,
				0985F3C427E3D9BA000E2770 /* Products */,
				8309748C008438A6B71CE4F3 /* Pods */,
				97899F15104E4DCFCDAB5023 /* Frameworks */,
			);
			sourceTree = "<group>";
		};
		0985F3C427E3D9BA000E2770 /* Products */ = {
			isa = PBXGroup;
			children = (
				0985F3C327E3D9BA000E2770 /* Parstagram.app */,
				0985F3D927E3D9BB000E2770 /* ParstagramTests.xctest */,
				0985F3E327E3D9BB000E2770 /* ParstagramUITests.xctest */,
			);
			name = Products;
			sourceTree = "<group>";
		};
		0985F3C527E3D9BA000E2770 /* Parstagram */ = {
			isa = PBXGroup;
			children = (
				0985F3C627E3D9BA000E2770 /* AppDelegate.swift */,
				0985F3C827E3D9BA000E2770 /* SceneDelegate.swift */,
				0985F3CC27E3D9BA000E2770 /* Main.storyboard */,
				0985F3CF27E3D9BA000E2770 /* Assets.xcassets */,
				0985F3D127E3D9BA000E2770 /* LaunchScreen.storyboard */,
				0985F3D427E3D9BA000E2770 /* Info.plist */,
				0968B22E27E3DF7E00D4ED1E /* LoginViewController.swift */,
				0968B23027E646B600D4ED1E /* APIKeys.swift */,
				0968B23227EA1D6600D4ED1E /* FeedViewController.swift */,
				0985DF7F27EA679A00B43E5C /* CameraViewController.swift */,
				0985DF8127ECE0E800B43E5C /* PostCellTableViewCell.swift */,
				0903E10227F37D4D0037E841 /* CommentCellTableViewCell.swift */,
				091CCE3027F6378F00D92DD4 /* ProfileViewController.swift */,
			);
			path = Parstagram;
			sourceTree = "<group>";
		};
		0985F3DC27E3D9BB000E2770 /* ParstagramTests */ = {
			isa = PBXGroup;
			children = (
				0985F3DD27E3D9BB000E2770 /* ParstagramTests.swift */,
			);
			path = ParstagramTests;
			sourceTree = "<group>";
		};
		0985F3E627E3D9BB000E2770 /* ParstagramUITests */ = {
			isa = PBXGroup;
			children = (
				0985F3E727E3D9BB000E2770 /* ParstagramUITests.swift */,
				0985F3E927E3D9BB000E2770 /* ParstagramUITestsLaunchTests.swift */,
			);
			path = ParstagramUITests;
			sourceTree = "<group>";
		};
		8309748C008438A6B71CE4F3 /* Pods */ = {
			isa = PBXGroup;
			children = (
				78D4009A610A404B0D4A6B1B /* Pods-Parstagram.debug.xcconfig */,
				DFD933A2B0C4FD6AC74CC71A /* Pods-Parstagram.release.xcconfig */,
			);
			path = Pods;
			sourceTree = "<group>";
		};
		97899F15104E4DCFCDAB5023 /* Frameworks */ = {
			isa = PBXGroup;
			children = (
				130812E0F67AAB7A9EAFAB72 /* Pods_Parstagram.framework */,
			);
			name = Frameworks;
			sourceTree = "<group>";
		};
/* End PBXGroup section */

/* Begin PBXNativeTarget section */
		0985F3C227E3D9BA000E2770 /* Parstagram */ = {
			isa = PBXNativeTarget;
			buildConfigurationList = 0985F3ED27E3D9BB000E2770 /* Build configuration list for PBXNativeTarget "Parstagram" */;
			buildPhases = (
				82F9BB5C7A7FC988C3836BAB /* [CP] Check Pods Manifest.lock */,
				0985F3BF27E3D9BA000E2770 /* Sources */,
				0985F3C027E3D9BA000E2770 /* Frameworks */,
				0985F3C127E3D9BA000E2770 /* Resources */,
				727D7171AA6EFE0506FEFBFA /* [CP] Embed Pods Frameworks */,
			);
			buildRules = (
			);
			dependencies = (
			);
			name = Parstagram;
			productName = Parstagram;
			productReference = 0985F3C327E3D9BA000E2770 /* Parstagram.app */;
			productType = "com.apple.product-type.application";
		};
		0985F3D827E3D9BB000E2770 /* ParstagramTests */ = {
			isa = PBXNativeTarget;
			buildConfigurationList = 0985F3F027E3D9BB000E2770 /* Build configuration list for PBXNativeTarget "ParstagramTests" */;
			buildPhases = (
				0985F3D527E3D9BB000E2770 /* Sources */,
				0985F3D627E3D9BB000E2770 /* Frameworks */,
				0985F3D727E3D9BB000E2770 /* Resources */,
			);
			buildRules = (
			);
			dependencies = (
				0985F3DB27E3D9BB000E2770 /* PBXTargetDependency */,
			);
			name = ParstagramTests;
			productName = ParstagramTests;
			productReference = 0985F3D927E3D9BB000E2770 /* ParstagramTests.xctest */;
			productType = "com.apple.product-type.bundle.unit-test";
		};
		0985F3E227E3D9BB000E2770 /* ParstagramUITests */ = {
			isa = PBXNativeTarget;
			buildConfigurationList = 0985F3F327E3D9BB000E2770 /* Build configuration list for PBXNativeTarget "ParstagramUITests" */;
			buildPhases = (
				0985F3DF27E3D9BB000E2770 /* Sources */,
				0985F3E027E3D9BB000E2770 /* Frameworks */,
				0985F3E127E3D9BB000E2770 /* Resources */,
			);
			buildRules = (
			);
			dependencies = (
				0985F3E527E3D9BB000E2770 /* PBXTargetDependency */,
			);
			name = ParstagramUITests;
			productName = ParstagramUITests;
			productReference = 0985F3E327E3D9BB000E2770 /* ParstagramUITests.xctest */;
			productType = "com.apple.product-type.bundle.ui-testing";
		};
/* End PBXNativeTarget section */

/* Begin PBXProject section */
		0985F3BB27E3D9BA000E2770 /* Project object */ = {
			isa = PBXProject;
			attributes = {
				BuildIndependentTargetsInParallel = 1;
				LastSwiftUpdateCheck = 1320;
				LastUpgradeCheck = 1320;
				TargetAttributes = {
					0985F3C227E3D9BA000E2770 = {
						CreatedOnToolsVersion = 13.2.1;
					};
					0985F3D827E3D9BB000E2770 = {
						CreatedOnToolsVersion = 13.2.1;
						TestTargetID = 0985F3C227E3D9BA000E2770;
					};
					0985F3E227E3D9BB000E2770 = {
						CreatedOnToolsVersion = 13.2.1;
						TestTargetID = 0985F3C227E3D9BA000E2770;
					};
				};
			};
			buildConfigurationList = 0985F3BE27E3D9BA000E2770 /* Build configuration list for PBXProject "Parstagram" */;
			compatibilityVersion = "Xcode 13.0";
			developmentRegion = en;
			hasScannedForEncodings = 0;
			knownRegions = (
				en,
				Base,
			);
			mainGroup = 0985F3BA27E3D9BA000E2770;
			productRefGroup = 0985F3C427E3D9BA000E2770 /* Products */;
			projectDirPath = "";
			projectRoot = "";
			targets = (
				0985F3C227E3D9BA000E2770 /* Parstagram */,
				0985F3D827E3D9BB000E2770 /* ParstagramTests */,
				0985F3E227E3D9BB000E2770 /* ParstagramUITests */,
			);
		};
/* End PBXProject section */

/* Begin PBXResourcesBuildPhase section */
		0985F3C127E3D9BA000E2770 /* Resources */ = {
			isa = PBXResourcesBuildPhase;
			buildActionMask = 2147483647;
			files = (
				0985F3D327E3D9BA000E2770 /* LaunchScreen.storyboard in Resources */,
				0985F3D027E3D9BA000E2770 /* Assets.xcassets in Resources */,
				0985F3CE27E3D9BA000E2770 /* Main.storyboard in Resources */,
			);
			runOnlyForDeploymentPostprocessing = 0;
		};
		0985F3D727E3D9BB000E2770 /* Resources */ = {
			isa = PBXResourcesBuildPhase;
			buildActionMask = 2147483647;
			files = (
			);
			runOnlyForDeploymentPostprocessing = 0;
		};
		0985F3E127E3D9BB000E2770 /* Resources */ = {
			isa = PBXResourcesBuildPhase;
			buildActionMask = 2147483647;
			files = (
			);
			runOnlyForDeploymentPostprocessing = 0;
		};
/* End PBXResourcesBuildPhase section */

/* Begin PBXShellScriptBuildPhase section */
		727D7171AA6EFE0506FEFBFA /* [CP] Embed Pods Frameworks */ = {
			isa = PBXShellScriptBuildPhase;
			buildActionMask = 2147483647;
			files = (
			);
			inputFileListPaths = (
				"${PODS_ROOT}/Target Support Files/Pods-Parstagram/Pods-Parstagram-frameworks-${CONFIGURATION}-input-files.xcfilelist",
			);
			name = "[CP] Embed Pods Frameworks";
			outputFileListPaths = (
				"${PODS_ROOT}/Target Support Files/Pods-Parstagram/Pods-Parstagram-frameworks-${CONFIGURATION}-output-files.xcfilelist",
			);
			runOnlyForDeploymentPostprocessing = 0;
			shellPath = /bin/sh;
			shellScript = "\"${PODS_ROOT}/Target Support Files/Pods-Parstagram/Pods-Parstagram-frameworks.sh\"\n";
			showEnvVarsInLog = 0;
		};
		82F9BB5C7A7FC988C3836BAB /* [CP] Check Pods Manifest.lock */ = {
			isa = PBXShellScriptBuildPhase;
			buildActionMask = 2147483647;
			files = (
			);
			inputFileListPaths = (
			);
			inputPaths = (
				"${PODS_PODFILE_DIR_PATH}/Podfile.lock",
				"${PODS_ROOT}/Manifest.lock",
			);
			name = "[CP] Check Pods Manifest.lock";
			outputFileListPaths = (
			);
			outputPaths = (
				"$(DERIVED_FILE_DIR)/Pods-Parstagram-checkManifestLockResult.txt",
			);
			runOnlyForDeploymentPostprocessing = 0;
			shellPath = /bin/sh;
			shellScript = "diff \"${PODS_PODFILE_DIR_PATH}/Podfile.lock\" \"${PODS_ROOT}/Manifest.lock\" > /dev/null\nif [ $? != 0 ] ; then\n    # print error to STDERR\n    echo \"error: The sandbox is not in sync with the Podfile.lock. Run 'pod install' or update your CocoaPods installation.\" >&2\n    exit 1\nfi\n# This output is used by Xcode 'outputs' to avoid re-running this script phase.\necho \"SUCCESS\" > \"${SCRIPT_OUTPUT_FILE_0}\"\n";
			showEnvVarsInLog = 0;
		};
/* End PBXShellScriptBuildPhase section */

/* Begin PBXSourcesBuildPhase section */
		0985F3BF27E3D9BA000E2770 /* Sources */ = {
			isa = PBXSourcesBuildPhase;
			buildActionMask = 2147483647;
			files = (
				0968B22F27E3DF7E00D4ED1E /* LoginViewController.swift in Sources */,
				0985F3C727E3D9BA000E2770 /* AppDelegate.swift in Sources */,
				0968B23327EA1D6600D4ED1E /* FeedViewController.swift in Sources */,
				0968B23127E646B600D4ED1E /* APIKeys.swift in Sources */,
				0985F3C927E3D9BA000E2770 /* SceneDelegate.swift in Sources */,
				0985DF8227ECE0E800B43E5C /* PostCellTableViewCell.swift in Sources */,
				091CCE3127F6378F00D92DD4 /* ProfileViewController.swift in Sources */,
				0985DF8027EA679A00B43E5C /* CameraViewController.swift in Sources */,
				0903E10327F37D4D0037E841 /* CommentCellTableViewCell.swift in Sources */,
			);
			runOnlyForDeploymentPostprocessing = 0;
		};
		0985F3D527E3D9BB000E2770 /* Sources */ = {
			isa = PBXSourcesBuildPhase;
			buildActionMask = 2147483647;
			files = (
				0985F3DE27E3D9BB000E2770 /* ParstagramTests.swift in Sources */,
			);
			runOnlyForDeploymentPostprocessing = 0;
		};
		0985F3DF27E3D9BB000E2770 /* Sources */ = {
			isa = PBXSourcesBuildPhase;
			buildActionMask = 2147483647;
			files = (
				0985F3EA27E3D9BB000E2770 /* ParstagramUITestsLaunchTests.swift in Sources */,
				0985F3E827E3D9BB000E2770 /* ParstagramUITests.swift in Sources */,
			);
			runOnlyForDeploymentPostprocessing = 0;
		};
/* End PBXSourcesBuildPhase section */

/* Begin PBXTargetDependency section */
		0985F3DB27E3D9BB000E2770 /* PBXTargetDependency */ = {
			isa = PBXTargetDependency;
			target = 0985F3C227E3D9BA000E2770 /* Parstagram */;
			targetProxy = 0985F3DA27E3D9BB000E2770 /* PBXContainerItemProxy */;
		};
		0985F3E527E3D9BB000E2770 /* PBXTargetDependency */ = {
			isa = PBXTargetDependency;
			target = 0985F3C227E3D9BA000E2770 /* Parstagram */;
			targetProxy = 0985F3E427E3D9BB000E2770 /* PBXContainerItemProxy */;
		};
/* End PBXTargetDependency section */

/* Begin PBXVariantGroup section */
		0985F3CC27E3D9BA000E2770 /* Main.storyboard */ = {
			isa = PBXVariantGroup;
			children = (
				0985F3CD27E3D9BA000E2770 /* Base */,
			);
			name = Main.storyboard;
			sourceTree = "<group>";
		};
		0985F3D127E3D9BA000E2770 /* LaunchScreen.storyboard */ = {
			isa = PBXVariantGroup;
			children = (
				0985F3D227E3D9BA000E2770 /* Base */,
			);
			name = LaunchScreen.storyboard;
			sourceTree = "<group>";
		};
/* End PBXVariantGroup section */

/* Begin XCBuildConfiguration section */
		0985F3EB27E3D9BB000E2770 /* Debug */ = {
			isa = XCBuildConfiguration;
			buildSettings = {
				ALWAYS_SEARCH_USER_PATHS = NO;
				CLANG_ANALYZER_NONNULL = YES;
				CLANG_ANALYZER_NUMBER_OBJECT_CONVERSION = YES_AGGRESSIVE;
				CLANG_CXX_LANGUAGE_STANDARD = "gnu++17";
				CLANG_CXX_LIBRARY = "libc++";
				CLANG_ENABLE_MODULES = YES;
				CLANG_ENABLE_OBJC_ARC = YES;
				CLANG_ENABLE_OBJC_WEAK = YES;
				CLANG_WARN_BLOCK_CAPTURE_AUTORELEASING = YES;
				CLANG_WARN_BOOL_CONVERSION = YES;
				CLANG_WARN_COMMA = YES;
				CLANG_WARN_CONSTANT_CONVERSION = YES;
				CLANG_WARN_DEPRECATED_OBJC_IMPLEMENTATIONS = YES;
				CLANG_WARN_DIRECT_OBJC_ISA_USAGE = YES_ERROR;
				CLANG_WARN_DOCUMENTATION_COMMENTS = YES;
				CLANG_WARN_EMPTY_BODY = YES;
				CLANG_WARN_ENUM_CONVERSION = YES;
				CLANG_WARN_INFINITE_RECURSION = YES;
				CLANG_WARN_INT_CONVERSION = YES;
				CLANG_WARN_NON_LITERAL_NULL_CONVERSION = YES;
				CLANG_WARN_OBJC_IMPLICIT_RETAIN_SELF = YES;
				CLANG_WARN_OBJC_LITERAL_CONVERSION = YES;
				CLANG_WARN_OBJC_ROOT_CLASS = YES_ERROR;
				CLANG_WARN_QUOTED_INCLUDE_IN_FRAMEWORK_HEADER = YES;
				CLANG_WARN_RANGE_LOOP_ANALYSIS = YES;
				CLANG_WARN_STRICT_PROTOTYPES = YES;
				CLANG_WARN_SUSPICIOUS_MOVE = YES;
				CLANG_WARN_UNGUARDED_AVAILABILITY = YES_AGGRESSIVE;
				CLANG_WARN_UNREACHABLE_CODE = YES;
				CLANG_WARN__DUPLICATE_METHOD_MATCH = YES;
				COPY_PHASE_STRIP = NO;
				DEBUG_INFORMATION_FORMAT = dwarf;
				ENABLE_STRICT_OBJC_MSGSEND = YES;
				ENABLE_TESTABILITY = YES;
				GCC_C_LANGUAGE_STANDARD = gnu11;
				GCC_DYNAMIC_NO_PIC = NO;
				GCC_NO_COMMON_BLOCKS = YES;
				GCC_OPTIMIZATION_LEVEL = 0;
				GCC_PREPROCESSOR_DEFINITIONS = (
					"DEBUG=1",
					"$(inherited)",
				);
				GCC_WARN_64_TO_32_BIT_CONVERSION = YES;
				GCC_WARN_ABOUT_RETURN_TYPE = YES_ERROR;
				GCC_WARN_UNDECLARED_SELECTOR = YES;
				GCC_WARN_UNINITIALIZED_AUTOS = YES_AGGRESSIVE;
				GCC_WARN_UNUSED_FUNCTION = YES;
				GCC_WARN_UNUSED_VARIABLE = YES;
				IPHONEOS_DEPLOYMENT_TARGET = 15.2;
				MTL_ENABLE_DEBUG_INFO = INCLUDE_SOURCE;
				MTL_FAST_MATH = YES;
				ONLY_ACTIVE_ARCH = YES;
				SDKROOT = iphoneos;
				SWIFT_ACTIVE_COMPILATION_CONDITIONS = DEBUG;
				SWIFT_OPTIMIZATION_LEVEL = "-Onone";
			};
			name = Debug;
		};
		0985F3EC27E3D9BB000E2770 /* Release */ = {
			isa = XCBuildConfiguration;
			buildSettings = {
				ALWAYS_SEARCH_USER_PATHS = NO;
				CLANG_ANALYZER_NONNULL = YES;
				CLANG_ANALYZER_NUMBER_OBJECT_CONVERSION = YES_AGGRESSIVE;
				CLANG_CXX_LANGUAGE_STANDARD = "gnu++17";
				CLANG_CXX_LIBRARY = "libc++";
				CLANG_ENABLE_MODULES = YES;
				CLANG_ENABLE_OBJC_ARC = YES;
				CLANG_ENABLE_OBJC_WEAK = YES;
				CLANG_WARN_BLOCK_CAPTURE_AUTORELEASING = YES;
				CLANG_WARN_BOOL_CONVERSION = YES;
				CLANG_WARN_COMMA = YES;
				CLANG_WARN_CONSTANT_CONVERSION = YES;
				CLANG_WARN_DEPRECATED_OBJC_IMPLEMENTATIONS = YES;
				CLANG_WARN_DIRECT_OBJC_ISA_USAGE = YES_ERROR;
				CLANG_WARN_DOCUMENTATION_COMMENTS = YES;
				CLANG_WARN_EMPTY_BODY = YES;
				CLANG_WARN_ENUM_CONVERSION = YES;
				CLANG_WARN_INFINITE_RECURSION = YES;
				CLANG_WARN_INT_CONVERSION = YES;
				CLANG_WARN_NON_LITERAL_NULL_CONVERSION = YES;
				CLANG_WARN_OBJC_IMPLICIT_RETAIN_SELF = YES;
				CLANG_WARN_OBJC_LITERAL_CONVERSION = YES;
				CLANG_WARN_OBJC_ROOT_CLASS = YES_ERROR;
				CLANG_WARN_QUOTED_INCLUDE_IN_FRAMEWORK_HEADER = YES;
				CLANG_WARN_RANGE_LOOP_ANALYSIS = YES;
				CLANG_WARN_STRICT_PROTOTYPES = YES;
				CLANG_WARN_SUSPICIOUS_MOVE = YES;
				CLANG_WARN_UNGUARDED_AVAILABILITY = YES_AGGRESSIVE;
				CLANG_WARN_UNREACHABLE_CODE = YES;
				CLANG_WARN__DUPLICATE_METHOD_MATCH = YES;
				COPY_PHASE_STRIP = NO;
				DEBUG_INFORMATION_FORMAT = "dwarf-with-dsym";
				ENABLE_NS_ASSERTIONS = NO;
				ENABLE_STRICT_OBJC_MSGSEND = YES;
				GCC_C_LANGUAGE_STANDARD = gnu11;
				GCC_NO_COMMON_BLOCKS = YES;
				GCC_WARN_64_TO_32_BIT_CONVERSION = YES;
				GCC_WARN_ABOUT_RETURN_TYPE = YES_ERROR;
				GCC_WARN_UNDECLARED_SELECTOR = YES;
				GCC_WARN_UNINITIALIZED_AUTOS = YES_AGGRESSIVE;
				GCC_WARN_UNUSED_FUNCTION = YES;
				GCC_WARN_UNUSED_VARIABLE = YES;
				IPHONEOS_DEPLOYMENT_TARGET = 15.2;
				MTL_ENABLE_DEBUG_INFO = NO;
				MTL_FAST_MATH = YES;
				SDKROOT = iphoneos;
				SWIFT_COMPILATION_MODE = wholemodule;
				SWIFT_OPTIMIZATION_LEVEL = "-O";
				VALIDATE_PRODUCT = YES;
			};
			name = Release;
		};
		0985F3EE27E3D9BB000E2770 /* Debug */ = {
			isa = XCBuildConfiguration;
			baseConfigurationReference = 78D4009A610A404B0D4A6B1B /* Pods-Parstagram.debug.xcconfig */;
			buildSettings = {
				ASSETCATALOG_COMPILER_APPICON_NAME = AppIcon;
				ASSETCATALOG_COMPILER_GLOBAL_ACCENT_COLOR_NAME = AccentColor;
				CODE_SIGN_STYLE = Automatic;
				CURRENT_PROJECT_VERSION = 1;
				DEVELOPMENT_TEAM = 8UD54HH47V;
				GENERATE_INFOPLIST_FILE = YES;
				INFOPLIST_FILE = Parstagram/Info.plist;
				INFOPLIST_KEY_UIApplicationSupportsIndirectInputEvents = YES;
				INFOPLIST_KEY_UILaunchStoryboardName = LaunchScreen;
				INFOPLIST_KEY_UIMainStoryboardFile = Main;
				INFOPLIST_KEY_UISupportedInterfaceOrientations_iPad = "UIInterfaceOrientationPortrait UIInterfaceOrientationPortraitUpsideDown UIInterfaceOrientationLandscapeLeft UIInterfaceOrientationLandscapeRight";
				INFOPLIST_KEY_UISupportedInterfaceOrientations_iPhone = "UIInterfaceOrientationPortrait UIInterfaceOrientationLandscapeLeft UIInterfaceOrientationLandscapeRight";
				LD_RUNPATH_SEARCH_PATHS = (
					"$(inherited)",
					"@executable_path/Frameworks",
				);
				MARKETING_VERSION = 1.0;
				PRODUCT_BUNDLE_IDENTIFIER = com.spencer.Parstagram;
				PRODUCT_NAME = "$(TARGET_NAME)";
				SWIFT_EMIT_LOC_STRINGS = YES;
				SWIFT_VERSION = 5.0;
				TARGETED_DEVICE_FAMILY = "1,2";
			};
			name = Debug;
		};
		0985F3EF27E3D9BB000E2770 /* Release */ = {
			isa = XCBuildConfiguration;
			baseConfigurationReference = DFD933A2B0C4FD6AC74CC71A /* Pods-Parstagram.release.xcconfig */;
			buildSettings = {
				ASSETCATALOG_COMPILER_APPICON_NAME = AppIcon;
				ASSETCATALOG_COMPILER_GLOBAL_ACCENT_COLOR_NAME = AccentColor;
				CODE_SIGN_STYLE = Automatic;
				CURRENT_PROJECT_VERSION = 1;
				DEVELOPMENT_TEAM = 8UD54HH47V;
				GENERATE_INFOPLIST_FILE = YES;
				INFOPLIST_FILE = Parstagram/Info.plist;
				INFOPLIST_KEY_UIApplicationSupportsIndirectInputEvents = YES;
				INFOPLIST_KEY_UILaunchStoryboardName = LaunchScreen;
				INFOPLIST_KEY_UIMainStoryboardFile = Main;
				INFOPLIST_KEY_UISupportedInterfaceOrientations_iPad = "UIInterfaceOrientationPortrait UIInterfaceOrientationPortraitUpsideDown UIInterfaceOrientationLandscapeLeft UIInterfaceOrientationLandscapeRight";
				INFOPLIST_KEY_UISupportedInterfaceOrientations_iPhone = "UIInterfaceOrientationPortrait UIInterfaceOrientationLandscapeLeft UIInterfaceOrientationLandscapeRight";
				LD_RUNPATH_SEARCH_PATHS = (
					"$(inherited)",
					"@executable_path/Frameworks",
				);
				MARKETING_VERSION = 1.0;
				PRODUCT_BUNDLE_IDENTIFIER = com.spencer.Parstagram;
				PRODUCT_NAME = "$(TARGET_NAME)";
				SWIFT_EMIT_LOC_STRINGS = YES;
				SWIFT_VERSION = 5.0;
				TARGETED_DEVICE_FAMILY = "1,2";
			};
			name = Release;
		};
		0985F3F127E3D9BB000E2770 /* Debug */ = {
			isa = XCBuildConfiguration;
			buildSettings = {
				ALWAYS_EMBED_SWIFT_STANDARD_LIBRARIES = YES;
				BUNDLE_LOADER = "$(TEST_HOST)";
				CODE_SIGN_STYLE = Automatic;
				CURRENT_PROJECT_VERSION = 1;
				DEVELOPMENT_TEAM = 8UD54HH47V;
				GENERATE_INFOPLIST_FILE = YES;
				IPHONEOS_DEPLOYMENT_TARGET = 15.2;
				MARKETING_VERSION = 1.0;
				PRODUCT_BUNDLE_IDENTIFIER = com.spencer.ParstagramTests;
				PRODUCT_NAME = "$(TARGET_NAME)";
				SWIFT_EMIT_LOC_STRINGS = NO;
				SWIFT_VERSION = 5.0;
				TARGETED_DEVICE_FAMILY = "1,2";
				TEST_HOST = "$(BUILT_PRODUCTS_DIR)/Parstagram.app/Parstagram";
			};
			name = Debug;
		};
		0985F3F227E3D9BB000E2770 /* Release */ = {
			isa = XCBuildConfiguration;
			buildSettings = {
				ALWAYS_EMBED_SWIFT_STANDARD_LIBRARIES = YES;
				BUNDLE_LOADER = "$(TEST_HOST)";
				CODE_SIGN_STYLE = Automatic;
				CURRENT_PROJECT_VERSION = 1;
				DEVELOPMENT_TEAM = 8UD54HH47V;
				GENERATE_INFOPLIST_FILE = YES;
				IPHONEOS_DEPLOYMENT_TARGET = 15.2;
				MARKETING_VERSION = 1.0;
				PRODUCT_BUNDLE_IDENTIFIER = com.spencer.ParstagramTests;
				PRODUCT_NAME = "$(TARGET_NAME)";
				SWIFT_EMIT_LOC_STRINGS = NO;
				SWIFT_VERSION = 5.0;
				TARGETED_DEVICE_FAMILY = "1,2";
				TEST_HOST = "$(BUILT_PRODUCTS_DIR)/Parstagram.app/Parstagram";
			};
			name = Release;
		};
		0985F3F427E3D9BB000E2770 /* Debug */ = {
			isa = XCBuildConfiguration;
			buildSettings = {
				ALWAYS_EMBED_SWIFT_STANDARD_LIBRARIES = YES;
				CODE_SIGN_STYLE = Automatic;
				CURRENT_PROJECT_VERSION = 1;
				DEVELOPMENT_TEAM = 8UD54HH47V;
				GENERATE_INFOPLIST_FILE = YES;
				MARKETING_VERSION = 1.0;
				PRODUCT_BUNDLE_IDENTIFIER = com.spencer.ParstagramUITests;
				PRODUCT_NAME = "$(TARGET_NAME)";
				SWIFT_EMIT_LOC_STRINGS = NO;
				SWIFT_VERSION = 5.0;
				TARGETED_DEVICE_FAMILY = "1,2";
				TEST_TARGET_NAME = Parstagram;
			};
			name = Debug;
		};
		0985F3F527E3D9BB000E2770 /* Release */ = {
			isa = XCBuildConfiguration;
			buildSettings = {
				ALWAYS_EMBED_SWIFT_STANDARD_LIBRARIES = YES;
				CODE_SIGN_STYLE = Automatic;
				CURRENT_PROJECT_VERSION = 1;
				DEVELOPMENT_TEAM = 8UD54HH47V;
				GENERATE_INFOPLIST_FILE = YES;
				MARKETING_VERSION = 1.0;
				PRODUCT_BUNDLE_IDENTIFIER = com.spencer.ParstagramUITests;
				PRODUCT_NAME = "$(TARGET_NAME)";
				SWIFT_EMIT_LOC_STRINGS = NO;
				SWIFT_VERSION = 5.0;
				TARGETED_DEVICE_FAMILY = "1,2";
				TEST_TARGET_NAME = Parstagram;
			};
			name = Release;
		};
/* End XCBuildConfiguration section */

/* Begin XCConfigurationList section */
		0985F3BE27E3D9BA000E2770 /* Build configuration list for PBXProject "Parstagram" */ = {
			isa = XCConfigurationList;
			buildConfigurations = (
				0985F3EB27E3D9BB000E2770 /* Debug */,
				0985F3EC27E3D9BB000E2770 /* Release */,
			);
			defaultConfigurationIsVisible = 0;
			defaultConfigurationName = Release;
		};
		0985F3ED27E3D9BB000E2770 /* Build configuration list for PBXNativeTarget "Parstagram" */ = {
			isa = XCConfigurationList;
			buildConfigurations = (
				0985F3EE27E3D9BB000E2770 /* Debug */,
				0985F3EF27E3D9BB000E2770 /* Release */,
			);
			defaultConfigurationIsVisible = 0;
			defaultConfigurationName = Release;
		};
		0985F3F027E3D9BB000E2770 /* Build configuration list for PBXNativeTarget "ParstagramTests" */ = {
			isa = XCConfigurationList;
			buildConfigurations = (
				0985F3F127E3D9BB000E2770 /* Debug */,
				0985F3F227E3D9BB000E2770 /* Release */,
			);
			defaultConfigurationIsVisible = 0;
			defaultConfigurationName = Release;
		};
		0985F3F327E3D9BB000E2770 /* Build configuration list for PBXNativeTarget "ParstagramUITests" */ = {
			isa = XCConfigurationList;
			buildConfigurations = (
				0985F3F427E3D9BB000E2770 /* Debug */,
				0985F3F527E3D9BB000E2770 /* Release */,
			);
			defaultConfigurationIsVisible = 0;
			defaultConfigurationName = Release;
		};
/* End XCConfigurationList section */
	};
	rootObject = 0985F3BB27E3D9BA000E2770 /* Project object */;
}
